<Solution>
  <Project Path="DataStructureAndAlgorithm/DataStructureAndAlgorithm.csproj" />
  <Project Path="DataStructureAndAlgorithm.Demo/DataStructureAndAlgorithm.Demo.csproj" />
  <Project Path="DataStructureAndAlgorithm.Benchmarks/DataStructureAndAlgorithm.Benchmarks.csproj" />
  <Project Path="DataStructureAndAlgorithm.P3Demo/DataStructureAndAlgorithm.P3Demo.csproj" />
  <Project Path="DataStructureAndAlgorithm.Scenarios.CityDelivery/DataStructureAndAlgorithm.Scenarios.CityDelivery.csproj" />
  <Project Path="DataStructureAndAlgorithm.Scenarios.MiniSearch/DataStructureAndAlgorithm.Scenarios.MiniSearch.csproj" />
  <Project Path="DataStructureAndAlgorithm.Scenarios.MiniStorage/DataStructureAndAlgorithm.Scenarios.MiniStorage.csproj" />
  <Project Path="DataStructureAndAlgorithm.Scenarios.ProjectScheduling/DataStructureAndAlgorithm.Scenarios.ProjectScheduling.csproj" />
  <Project Path="DataStructureAndAlgorithm.Test/DataStructureAndAlgorithm.Test.csproj" />
</Solution>
